{
    "_meta": {
        "hash": {
            "sha256": "b9ea2a09600a7aba7d67761e0e8338ba3711a93442f9be86e950621b70be216f"
        },
        "pipfile-spec": 6,
        "requires": {
            "python_version": "3.7"
        },
        "sources": [
            {
                "name": "pypi",
                "url": "https://pypi.org/simple",
                "verify_ssl": true
            }
        ]
    },
    "default": {
        "certifi": {
            "hashes": [
                "sha256:47f9c83ef4c0c621eaef743f133f09fa8a74a9b75f037e8624f83bd1b6626cb7",
                "sha256:993f830721089fef441cdfeb4b2c8c9df86f0c63239f06bd025a76a7daddb033"
            ],
            "version": "==2018.11.29"
        },
        "chardet": {
            "hashes": [
                "sha256:84ab92ed1c4d4f16916e05906b6b75a6c0fb5db821cc65e70cbd64a3e2a5eaae",
                "sha256:fc323ffcaeaed0e0a02bf4d117757b98aed530d9ed4531e3e15460124c106691"
            ],
            "version": "==3.0.4"
        },
        "idna": {
            "hashes": [
                "sha256:c357b3f628cf53ae2c4c05627ecc484553142ca23264e593d327bcde5e9c3407",
                "sha256:ea8b7f6188e6fa117537c3df7da9fc686d485087abf6ac197f9c46432f7e4a3c"
            ],
            "version": "==2.8"
        },
        "inflect": {
            "hashes": [
                "sha256:4ded1b2a6fcf0fc0397419c7727f131a93b67b80d899f2973be7758628e12b73",
                "sha256:a82b671b043ddba98ea8b2cf000b31e8b41e9197b3151567239f3bbe215dab7e"
            ],
            "version": "==2.1.0"
        },
        "irc": {
            "hashes": [
                "sha256:f5542186d6ff36d0af6048c423d3833e28f730f86d03cd5846527237d4defe5f",
                "sha256:f9c5fcb72dd230e1387fd4a0114a1935605e0f59ac09dec962313baed74e1365"
            ],
            "index": "pypi",
            "version": "==17.0"
        },
        "jaraco.classes": {
            "hashes": [
                "sha256:2c646c10deb2058dcb0e2b022a1124f5a1cbf8643fd09f5065fb5715982b4d9a",
                "sha256:d101c45efd518a3ed76409a23ad2319bafeda13c3252395fe4d8ec195dd45f00"
            ],
            "version": "==1.5"
        },
        "jaraco.collections": {
            "hashes": [
                "sha256:332fd500cf13dbaf7ef239741302329b947ba82ce40f5a5e47e790c8714ae0b3",
                "sha256:899db22fad21ee4172c6eb790d505282e159225a933ddcbe95ca7d27f20f6c35"
            ],
            "version": "==1.6.0"
        },
        "jaraco.functools": {
            "hashes": [
                "sha256:0cc09711acc0c716a2011a6924c60b2092ac07261aa1822e4277a0f0c5bf0548",
                "sha256:bad775f06e58bb8de5563bc2a8bf704168919e6779d6e849b1ca58b443e97f3b"
            ],
            "version": "==1.20"
        },
        "jaraco.itertools": {
            "hashes": [
                "sha256:19d8557a25c08f7a7b8f1cfa456ebfd615bafa0f045f89bbda55f99661b0626d",
                "sha256:2f284dbb7d41ba4d5711131a1330e532aad52baf2c9acaf56a8ec80669d7c965"
            ],
            "version": "==3.0.0"
        },
        "jaraco.logging": {
            "hashes": [
                "sha256:23b10eb0d65afe042fad16eabdf5956bdc863e110c5cf3fa1b4bc59f3a7f37a5",
                "sha256:625977c56644d040d2023d8a3639d6b9ad0f490bc26e17be7bb5754a255178fb"
            ],
            "version": "==1.5.2"
        },
        "jaraco.stream": {
            "hashes": [
                "sha256:2b56514708224864d93b8a6e916c02ae7ae4ce822f05946704719bb294971a1b",
                "sha256:7e0829a81c373515f1c1ca16e39aa44b2f209fa8ce078daaa9532dabbfbd608d"
            ],
            "version": "==1.2"
        },
        "jaraco.text": {
            "hashes": [
                "sha256:d1b29e833f317629a7c8aff3c03521e61e1df6da188d7fa2f698b0281e1a5a2b",
                "sha256:e5868da943d272af894a147680b1ac5902b82e59a2407e5c95d3f22ce8e049e2"
            ],
            "version": "==1.10.1"
        },
        "more-itertools": {
            "hashes": [
                "sha256:38a936c0a6d98a38bcc2d03fdaaedaba9f412879461dd2ceff8d37564d6522e4",
                "sha256:c0a5785b1109a6bd7fac76d6837fd1feca158e54e521ccd2ae8bfe393cc9d4fc",
                "sha256:fe7a7cae1ccb57d33952113ff4fa1bc5f879963600ed74918f1236e212ee50b9"
            ],
            "version": "==5.0.0"
        },
        "pytz": {
            "hashes": [
                "sha256:31cb35c89bd7d333cd32c5f278fca91b523b0834369e757f4c5641ea252236ca",
                "sha256:8e0f8568c118d3077b46be7d654cc8167fa916092e28320cde048e54bfc9f1e6"
            ],
            "version": "==2018.7"
        },
        "requests": {
            "hashes": [
                "sha256:502a824f31acdacb3a35b6690b5fbf0bc41d63a24a45c4004352b0242707598e",
                "sha256:7bf2a778576d825600030a110f3c0e3e8edc51dfaafe1c146e39a2027784957b"
            ],
            "index": "pypi",
            "version": "==2.21.0"
        },
        "six": {
            "hashes": [
                "sha256:3350809f0555b11f552448330d0b52d5f24c91a322ea4a15ef22629740f3761c",
                "sha256:d16a0141ec1a18405cd4ce8b4613101da75da0e9a7aec5bdd4fa804d0e0eba73"
            ],
            "version": "==1.12.0"
        },
        "tempora": {
            "hashes": [
                "sha256:4951da790bd369f718dbe2287adbdc289dc2575a09278e77fad6131bcfe93097",
                "sha256:f8abbbd486eca3340bd3d242417b203c861d4e113ef778cd5fb9535b2b32ae54"
            ],
            "version": "==1.14"
        },
        "urllib3": {
            "hashes": [
                "sha256:61bf29cada3fc2fbefad4fdf059ea4bd1b4a86d2b6d15e1c7c0b582b9752fe39",
                "sha256:de9529817c93f27c8ccbfead6985011db27bd0ddfcdb2d86f3f663385c6a9c22"
            ],
            "version": "==1.24.1"
        }
    },
    "develop": {}
}
